
Microsoft Visual Studio Solution File, Format Version 12.00
# Visual Studio 15
VisualStudioVersion = 15.0.25807.0
MinimumVisualStudioVersion = 10.0.40219.1
Project("{2150E333-8FDC-42A3-9474-1A3956D46DE8}") = "Engine", "Engine", "{428AB210-4A89-4BB0-8006-4A79364A584C}"
EndProject
Project("{2150E333-8FDC-42A3-9474-1A3956D46DE8}") = "Games", "Games", "{F235045C-D2E3-47BB-8508-65D1105C1980}"
EndProject
Project("{8BC9CEB8-8B4A-11D0-8D11-00A0C91BC942}") = "UE4", "Intermediate\ProjectFiles\UE4.vcxproj", "{11619AA6-B3C8-4073-8F05-796F7BD38641}"
EndProject
Project("{8BC9CEB8-8B4A-11D0-8D11-00A0C91BC942}") = "ForestSim", "Intermediate\ProjectFiles\ForestSim.vcxproj", "{8BE0B091-1C82-4239-A3C1-30F65032D95F}"
EndProject
Global
	GlobalSection(SolutionConfigurationPlatforms) = preSolution
		DebugGame Editor|HTML5 = DebugGame Editor|HTML5
		DebugGame Editor|IOS = DebugGame Editor|IOS
		DebugGame Editor|Win32 = DebugGame Editor|Win32
		DebugGame Editor|Win64 = DebugGame Editor|Win64
		DebugGame|HTML5 = DebugGame|HTML5
		DebugGame|IOS = DebugGame|IOS
		DebugGame|Win32 = DebugGame|Win32
		DebugGame|Win64 = DebugGame|Win64
		Development Editor|HTML5 = Development Editor|HTML5
		Development Editor|IOS = Development Editor|IOS
		Development Editor|Win32 = Development Editor|Win32
		Development Editor|Win64 = Development Editor|Win64
		Development|HTML5 = Development|HTML5
		Development|IOS = Development|IOS
		Development|Win32 = Development|Win32
		Development|Win64 = Development|Win64
		Shipping|HTML5 = Shipping|HTML5
		Shipping|IOS = Shipping|IOS
		Shipping|Win32 = Shipping|Win32
		Shipping|Win64 = Shipping|Win64
	EndGlobalSection
	GlobalSection(ProjectConfigurationPlatforms) = postSolution
		{11619AA6-B3C8-4073-8F05-796F7BD38641}.DebugGame Editor|HTML5.ActiveCfg = BuiltWithUnrealBuildTool|Win32
		{11619AA6-B3C8-4073-8F05-796F7BD38641}.DebugGame Editor|HTML5.Build.0 = BuiltWithUnrealBuildTool|Win32
		{11619AA6-B3C8-4073-8F05-796F7BD38641}.DebugGame Editor|IOS.ActiveCfg = BuiltWithUnrealBuildTool|Win32
		{11619AA6-B3C8-4073-8F05-796F7BD38641}.DebugGame Editor|IOS.Build.0 = BuiltWithUnrealBuildTool|Win32
		{11619AA6-B3C8-4073-8F05-796F7BD38641}.DebugGame Editor|Win32.ActiveCfg = BuiltWithUnrealBuildTool|Win32
		{11619AA6-B3C8-4073-8F05-796F7BD38641}.DebugGame Editor|Win32.Build.0 = BuiltWithUnrealBuildTool|Win32
		{11619AA6-B3C8-4073-8F05-796F7BD38641}.DebugGame Editor|Win64.ActiveCfg = BuiltWithUnrealBuildTool|Win32
		{11619AA6-B3C8-4073-8F05-796F7BD38641}.DebugGame Editor|Win64.Build.0 = BuiltWithUnrealBuildTool|Win32
		{11619AA6-B3C8-4073-8F05-796F7BD38641}.DebugGame|HTML5.ActiveCfg = BuiltWithUnrealBuildTool|Win32
		{11619AA6-B3C8-4073-8F05-796F7BD38641}.DebugGame|HTML5.Build.0 = BuiltWithUnrealBuildTool|Win32
		{11619AA6-B3C8-4073-8F05-796F7BD38641}.DebugGame|IOS.ActiveCfg = BuiltWithUnrealBuildTool|Win32
		{11619AA6-B3C8-4073-8F05-796F7BD38641}.DebugGame|IOS.Build.0 = BuiltWithUnrealBuildTool|Win32
		{11619AA6-B3C8-4073-8F05-796F7BD38641}.DebugGame|Win32.ActiveCfg = BuiltWithUnrealBuildTool|Win32
		{11619AA6-B3C8-4073-8F05-796F7BD38641}.DebugGame|Win32.Build.0 = BuiltWithUnrealBuildTool|Win32
		{11619AA6-B3C8-4073-8F05-796F7BD38641}.DebugGame|Win64.ActiveCfg = BuiltWithUnrealBuildTool|Win32
		{11619AA6-B3C8-4073-8F05-796F7BD38641}.DebugGame|Win64.Build.0 = BuiltWithUnrealBuildTool|Win32
		{11619AA6-B3C8-4073-8F05-796F7BD38641}.Development Editor|HTML5.ActiveCfg = BuiltWithUnrealBuildTool|Win32
		{11619AA6-B3C8-4073-8F05-796F7BD38641}.Development Editor|HTML5.Build.0 = BuiltWithUnrealBuildTool|Win32
		{11619AA6-B3C8-4073-8F05-796F7BD38641}.Development Editor|IOS.ActiveCfg = BuiltWithUnrealBuildTool|Win32
		{11619AA6-B3C8-4073-8F05-796F7BD38641}.Development Editor|IOS.Build.0 = BuiltWithUnrealBuildTool|Win32
		{11619AA6-B3C8-4073-8F05-796F7BD38641}.Development Editor|Win32.ActiveCfg = BuiltWithUnrealBuildTool|Win32
		{11619AA6-B3C8-4073-8F05-796F7BD38641}.Development Editor|Win32.Build.0 = BuiltWithUnrealBuildTool|Win32
		{11619AA6-B3C8-4073-8F05-796F7BD38641}.Development Editor|Win64.ActiveCfg = BuiltWithUnrealBuildTool|Win32
		{11619AA6-B3C8-4073-8F05-796F7BD38641}.Development Editor|Win64.Build.0 = BuiltWithUnrealBuildTool|Win32
		{11619AA6-B3C8-4073-8F05-796F7BD38641}.Development|HTML5.ActiveCfg = BuiltWithUnrealBuildTool|Win32
		{11619AA6-B3C8-4073-8F05-796F7BD38641}.Development|HTML5.Build.0 = BuiltWithUnrealBuildTool|Win32
		{11619AA6-B3C8-4073-8F05-796F7BD38641}.Development|IOS.ActiveCfg = BuiltWithUnrealBuildTool|Win32
		{11619AA6-B3C8-4073-8F05-796F7BD38641}.Development|IOS.Build.0 = BuiltWithUnrealBuildTool|Win32
		{11619AA6-B3C8-4073-8F05-796F7BD38641}.Development|Win32.ActiveCfg = BuiltWithUnrealBuildTool|Win32
		{11619AA6-B3C8-4073-8F05-796F7BD38641}.Development|Win32.Build.0 = BuiltWithUnrealBuildTool|Win32
		{11619AA6-B3C8-4073-8F05-796F7BD38641}.Development|Win64.ActiveCfg = BuiltWithUnrealBuildTool|Win32
		{11619AA6-B3C8-4073-8F05-796F7BD38641}.Development|Win64.Build.0 = BuiltWithUnrealBuildTool|Win32
		{11619AA6-B3C8-4073-8F05-796F7BD38641}.Shipping|HTML5.ActiveCfg = BuiltWithUnrealBuildTool|Win32
		{11619AA6-B3C8-4073-8F05-796F7BD38641}.Shipping|HTML5.Build.0 = BuiltWithUnrealBuildTool|Win32
		{11619AA6-B3C8-4073-8F05-796F7BD38641}.Shipping|IOS.ActiveCfg = BuiltWithUnrealBuildTool|Win32
		{11619AA6-B3C8-4073-8F05-796F7BD38641}.Shipping|IOS.Build.0 = BuiltWithUnrealBuildTool|Win32
		{11619AA6-B3C8-4073-8F05-796F7BD38641}.Shipping|Win32.ActiveCfg = BuiltWithUnrealBuildTool|Win32
		{11619AA6-B3C8-4073-8F05-796F7BD38641}.Shipping|Win32.Build.0 = BuiltWithUnrealBuildTool|Win32
		{11619AA6-B3C8-4073-8F05-796F7BD38641}.Shipping|Win64.ActiveCfg = BuiltWithUnrealBuildTool|Win32
		{11619AA6-B3C8-4073-8F05-796F7BD38641}.Shipping|Win64.Build.0 = BuiltWithUnrealBuildTool|Win32
		{8BE0B091-1C82-4239-A3C1-30F65032D95F}.DebugGame Editor|HTML5.ActiveCfg = HTML5_DebugGame_Editor|Win32
		{8BE0B091-1C82-4239-A3C1-30F65032D95F}.DebugGame Editor|IOS.ActiveCfg = IOS_DebugGame_Editor|Win32
		{8BE0B091-1C82-4239-A3C1-30F65032D95F}.DebugGame Editor|Win32.ActiveCfg = DebugGame_Editor|Win32
		{8BE0B091-1C82-4239-A3C1-30F65032D95F}.DebugGame Editor|Win64.ActiveCfg = DebugGame_Editor|x64
		{8BE0B091-1C82-4239-A3C1-30F65032D95F}.DebugGame Editor|Win64.Build.0 = DebugGame_Editor|x64
		{8BE0B091-1C82-4239-A3C1-30F65032D95F}.DebugGame|HTML5.ActiveCfg = HTML5_DebugGame_Game|Win32
		{8BE0B091-1C82-4239-A3C1-30F65032D95F}.DebugGame|HTML5.Build.0 = HTML5_DebugGame_Game|Win32
		{8BE0B091-1C82-4239-A3C1-30F65032D95F}.DebugGame|IOS.ActiveCfg = IOS_DebugGame_Game|Win32
		{8BE0B091-1C82-4239-A3C1-30F65032D95F}.DebugGame|IOS.Build.0 = IOS_DebugGame_Game|Win32
		{8BE0B091-1C82-4239-A3C1-30F65032D95F}.DebugGame|Win32.ActiveCfg = DebugGame_Game|Win32
		{8BE0B091-1C82-4239-A3C1-30F65032D95F}.DebugGame|Win32.Build.0 = DebugGame_Game|Win32
		{8BE0B091-1C82-4239-A3C1-30F65032D95F}.DebugGame|Win64.ActiveCfg = DebugGame_Game|x64
		{8BE0B091-1C82-4239-A3C1-30F65032D95F}.DebugGame|Win64.Build.0 = DebugGame_Game|x64
		{8BE0B091-1C82-4239-A3C1-30F65032D95F}.Development Editor|HTML5.ActiveCfg = HTML5_Development_Editor|Win32
		{8BE0B091-1C82-4239-A3C1-30F65032D95F}.Development Editor|IOS.ActiveCfg = IOS_Development_Editor|Win32
		{8BE0B091-1C82-4239-A3C1-30F65032D95F}.Development Editor|Win32.ActiveCfg = Development_Editor|Win32
		{8BE0B091-1C82-4239-A3C1-30F65032D95F}.Development Editor|Win64.ActiveCfg = Development_Editor|x64
		{8BE0B091-1C82-4239-A3C1-30F65032D95F}.Development Editor|Win64.Build.0 = Development_Editor|x64
		{8BE0B091-1C82-4239-A3C1-30F65032D95F}.Development|HTML5.ActiveCfg = HTML5_Development_Game|Win32
		{8BE0B091-1C82-4239-A3C1-30F65032D95F}.Development|HTML5.Build.0 = HTML5_Development_Game|Win32
		{8BE0B091-1C82-4239-A3C1-30F65032D95F}.Development|IOS.ActiveCfg = IOS_Development_Game|Win32
		{8BE0B091-1C82-4239-A3C1-30F65032D95F}.Development|IOS.Build.0 = IOS_Development_Game|Win32
		{8BE0B091-1C82-4239-A3C1-30F65032D95F}.Development|Win32.ActiveCfg = Development_Game|Win32
		{8BE0B091-1C82-4239-A3C1-30F65032D95F}.Development|Win32.Build.0 = Development_Game|Win32
		{8BE0B091-1C82-4239-A3C1-30F65032D95F}.Development|Win64.ActiveCfg = Development_Game|x64
		{8BE0B091-1C82-4239-A3C1-30F65032D95F}.Development|Win64.Build.0 = Development_Game|x64
		{8BE0B091-1C82-4239-A3C1-30F65032D95F}.Shipping|HTML5.ActiveCfg = HTML5_Shipping_Game|Win32
		{8BE0B091-1C82-4239-A3C1-30F65032D95F}.Shipping|HTML5.Build.0 = HTML5_Shipping_Game|Win32
		{8BE0B091-1C82-4239-A3C1-30F65032D95F}.Shipping|IOS.ActiveCfg = IOS_Shipping_Game|Win32
		{8BE0B091-1C82-4239-A3C1-30F65032D95F}.Shipping|IOS.Build.0 = IOS_Shipping_Game|Win32
		{8BE0B091-1C82-4239-A3C1-30F65032D95F}.Shipping|Win32.ActiveCfg = Shipping_Game|Win32
		{8BE0B091-1C82-4239-A3C1-30F65032D95F}.Shipping|Win32.Build.0 = Shipping_Game|Win32
		{8BE0B091-1C82-4239-A3C1-30F65032D95F}.Shipping|Win64.ActiveCfg = Shipping_Game|x64
		{8BE0B091-1C82-4239-A3C1-30F65032D95F}.Shipping|Win64.Build.0 = Shipping_Game|x64
	EndGlobalSection
	GlobalSection(SolutionProperties) = preSolution
		HideSolutionNode = FALSE
	EndGlobalSection
	GlobalSection(NestedProjects) = preSolution
		{11619AA6-B3C8-4073-8F05-796F7BD38641} = {428AB210-4A89-4BB0-8006-4A79364A584C}
		{8BE0B091-1C82-4239-A3C1-30F65032D95F} = {F235045C-D2E3-47BB-8508-65D1105C1980}
	EndGlobalSection
	GlobalSection(ExtensibilityGlobals) = postSolution
		SolutionGuid = {F10DD786-D7D6-4D03-BC96-CB39980613B8}
	EndGlobalSection
EndGlobal
